// !$*UTF8*$!
{
	archiveVersion = 1;
	classes = {
	};
	objectVersion = 46;
	objects = {

/* Begin PBXBuildFile section */
		001F5486D5EC47EC4587AB37 /* libPods.a in Frameworks */ = {isa = PBXBuildFile; fileRef = D782B03B378EB502889C7B6D /* libPods.a */; };
		D68DA7BB1C4654F1003329A7 /* main.m in Sources */ = {isa = PBXBuildFile; fileRef = D68DA7BA1C4654F1003329A7 /* main.m */; };
/* End PBXBuildFile section */

/* Begin PBXCopyFilesBuildPhase section */
		D68DA7B51C4654F1003329A7 /* CopyFiles */ = {
			isa = PBXCopyFilesBuildPhase;
			buildActionMask = 2147483647;
			dstPath = /usr/share/man/man1/;
			dstSubfolderSpec = 0;
			files = (
			);
			runOnlyForDeploymentPostprocessing = 1;
		};
/* End PBXCopyFilesBuildPhase section */

/* Begin PBXFileReference section */
		61F55C3616FE7D699B3C98B6 /* Pods.debug.xcconfig */ = {isa = PBXFileReference; includeInIndex = 1; lastKnownFileType = text.xcconfig; name = Pods.debug.xcconfig; path = "Pods/Target Support Files/Pods/Pods.debug.xcconfig"; sourceTree = "<group>"; };
		CE61BE8DF9213BD26B5969E0 /* Pods.release.xcconfig */ = {isa = PBXFileReference; includeInIndex = 1; lastKnownFileType = text.xcconfig; name = Pods.release.xcconfig; path = "Pods/Target Support Files/Pods/Pods.release.xcconfig"; sourceTree = "<group>"; };
		D68DA7B71C4654F1003329A7 /* DiawiUploadMac */ = {isa = PBXFileReference; explicitFileType = "compiled.mach-o.executable"; includeInIndex = 0; path = DiawiUploadMac; sourceTree = BUILT_PRODUCTS_DIR; };
		D68DA7BA1C4654F1003329A7 /* main.m */ = {isa = PBXFileReference; lastKnownFileType = sourcecode.c.objc; path = main.m; sourceTree = "<group>"; };
		D782B03B378EB502889C7B6D /* libPods.a */ = {isa = PBXFileReference; explicitFileType = archive.ar; includeInIndex = 0; path = libPods.a; sourceTree = BUILT_PRODUCTS_DIR; };
/* End PBXFileReference section */

/* Begin PBXFrameworksBuildPhase section */
		D68DA7B41C4654F1003329A7 /* Frameworks */ = {
			isa = PBXFrameworksBuildPhase;
			buildActionMask = 2147483647;
			files = (
				001F5486D5EC47EC4587AB37 /* libPods.a in Frameworks */,
			);
			runOnlyForDeploymentPostprocessing = 0;
		};
/* End PBXFrameworksBuildPhase section */

/* Begin PBXGroup section */
		706E8D4490498E9C91A52DCD /* Frameworks */ = {
			isa = PBXGroup;
			children = (
				D782B03B378EB502889C7B6D /* libPods.a */,
			);
			name = Frameworks;
			sourceTree = "<group>";
		};
		BE148E0979089C7F162AF7A1 /* Pods */ = {
			isa = PBXGroup;
			children = (
				61F55C3616FE7D699B3C98B6 /* Pods.debug.xcconfig */,
				CE61BE8DF9213BD26B5969E0 /* Pods.release.xcconfig */,
			);
			name = Pods;
			sourceTree = "<group>";
		};
		D68DA7AE1C4654F1003329A7 = {
			isa = PBXGroup;
			children = (
				D68DA7B91C4654F1003329A7 /* DiawiUploadMac */,
				D68DA7B81C4654F1003329A7 /* Products */,
				BE148E0979089C7F162AF7A1 /* Pods */,
				706E8D4490498E9C91A52DCD /* Frameworks */,
			);
			sourceTree = "<group>";
		};
		D68DA7B81C4654F1003329A7 /* Products */ = {
			isa = PBXGroup;
			children = (
				D68DA7B71C4654F1003329A7 /* DiawiUploadMac */,
			);
			name = Products;
			sourceTree = "<group>";
		};
		D68DA7B91C4654F1003329A7 /* DiawiUploadMac */ = {
			isa = PBXGroup;
			children = (
				D68DA7BA1C4654F1003329A7 /* main.m */,
			);
			path = DiawiUploadMac;
			sourceTree = "<group>";
		};
/* End PBXGroup section */

/* Begin PBXNativeTarget section */
		D68DA7B61C4654F1003329A7 /* DiawiUploadMac */ = {
			isa = PBXNativeTarget;
			buildConfigurationList = D68DA7BE1C4654F1003329A7 /* Build configuration list for PBXNativeTarget "DiawiUploadMac" */;
			buildPhases = (
				2FE46255DA6B2EE93426D291 /* Check Pods Manifest.lock */,
				D68DA7B31C4654F1003329A7 /* Sources */,
				D68DA7B41C4654F1003329A7 /* Frameworks */,
				D68DA7B51C4654F1003329A7 /* CopyFiles */,
				81105A602D816EC3970E0D6E /* Copy Pods Resources */,
			);
			buildRules = (
			);
			dependencies = (
			);
			name = DiawiUploadMac;
			productName = DiawiUploadMac;
			productReference = D68DA7B71C4654F1003329A7 /* DiawiUploadMac */;
			productType = "com.apple.product-type.tool";
		};
/* End PBXNativeTarget section */

/* Begin PBXProject section */
		D68DA7AF1C4654F1003329A7 /* Project object */ = {
			isa = PBXProject;
			attributes = {
				LastUpgradeCheck = 0720;
				ORGANIZATIONNAME = "Alexander Stepanov";
				TargetAttributes = {
					D68DA7B61C4654F1003329A7 = {
						CreatedOnToolsVersion = 7.2;
					};
				};
			};
			buildConfigurationList = D68DA7B21C4654F1003329A7 /* Build configuration list for PBXProject "DiawiUploadMac" */;
			compatibilityVersion = "Xcode 3.2";
			developmentRegion = English;
			hasScannedForEncodings = 0;
			knownRegions = (
				en,
			);
			mainGroup = D68DA7AE1C4654F1003329A7;
			productRefGroup = D68DA7B81C4654F1003329A7 /* Products */;
			projectDirPath = "";
			projectRoot = "";
			targets = (
				D68DA7B61C4654F1003329A7 /* DiawiUploadMac */,
			);
		};
/* End PBXProject section */

/* Begin PBXShellScriptBuildPhase section */
		2FE46255DA6B2EE93426D291 /* Check Pods Manifest.lock */ = {
			isa = PBXShellScriptBuildPhase;
			buildActionMask = 2147483647;
			files = (
			);
			inputPaths = (
			);
			name = "Check Pods Manifest.lock";
			outputPaths = (
			);
			runOnlyForDeploymentPostprocessing = 0;
			shellPath = /bin/sh;
			shellScript = "diff \"${PODS_ROOT}/../Podfile.lock\" \"${PODS_ROOT}/Manifest.lock\" > /dev/null\nif [[ $? != 0 ]] ; then\n    cat << EOM\nerror: The sandbox is not in sync with the Podfile.lock. Run 'pod install' or update your CocoaPods installation.\nEOM\n    exit 1\nfi\n";
			showEnvVarsInLog = 0;
		};
		81105A602D816EC3970E0D6E /* Copy Pods Resources */ = {
			isa = PBXShellScriptBuildPhase;
			buildActionMask = 2147483647;
			files = (
			);
			inputPaths = (
			);
			name = "Copy Pods Resources";
			outputPaths = (
			);
			runOnlyForDeploymentPostprocessing = 0;
			shellPath = /bin/sh;
			shellScript = "\"${SRCROOT}/Pods/Target Support Files/Pods/Pods-resources.sh\"\n";
			showEnvVarsInLog = 0;
		};
/* End PBXShellScriptBuildPhase section */

/* Begin PBXSourcesBuildPhase section */
		D68DA7B31C4654F1003329A7 /* Sources */ = {
			isa = PBXSourcesBuildPhase;
			buildActionMask = 2147483647;
			files = (
				D68DA7BB1C4654F1003329A7 /* main.m in Sources */,
			);
			runOnlyForDeploymentPostprocessing = 0;
		};
/* End PBXSourcesBuildPhase section */

/* Begin XCBuildConfiguration section */
		D68DA7BC1C4654F1003329A7 /* Debug */ = {
			isa = XCBuildConfiguration;
			buildSettings = {
				ALWAYS_SEARCH_USER_PATHS = NO;
				CLANG_CXX_LANGUAGE_STANDARD = "gnu++0x";
				CLANG_CXX_LIBRARY = "libc++";
				CLANG_ENABLE_MODULES = YES;
				CLANG_ENABLE_OBJC_ARC = YES;
				CLANG_WARN_BOOL_CONVERSION = YES;
				CLANG_WARN_CONSTANT_CONVERSION = YES;
				CLANG_WARN_DIRECT_OBJC_ISA_USAGE = YES_ERROR;
				CLANG_WARN_EMPTY_BODY = YES;
				CLANG_WARN_ENUM_CONVERSION = YES;
				CLANG_WARN_INT_CONVERSION = YES;
				CLANG_WARN_OBJC_ROOT_CLASS = YES_ERROR;
				CLANG_WARN_UNREACHABLE_CODE = YES;
				CLANG_WARN__DUPLICATE_METHOD_MATCH = YES;
				CODE_SIGN_IDENTITY = "-";
				COPY_PHASE_STRIP = NO;
				DEBUG_INFORMATION_FORMAT = dwarf;
				ENABLE_STRICT_OBJC_MSGSEND = YES;
				ENABLE_TESTABILITY = YES;
				GCC_C_LANGUAGE_STANDARD = gnu99;
				GCC_DYNAMIC_NO_PIC = NO;
				GCC_NO_COMMON_BLOCKS = YES;
				GCC_OPTIMIZATION_LEVEL = 0;
				GCC_PREPROCESSOR_DEFINITIONS = (
					"DEBUG=1",
					"$(inherited)",
				);
				GCC_WARN_64_TO_32_BIT_CONVERSION = YES;
				GCC_WARN_ABOUT_RETURN_TYPE = YES_ERROR;
				GCC_WARN_UNDECLARED_SELECTOR = YES;
				GCC_WARN_UNINITIALIZED_AUTOS = YES_AGGRESSIVE;
				GCC_WARN_UNUSED_FUNCTION = YES;
				GCC_WARN_UNUSED_VARIABLE = YES;
				MACOSX_DEPLOYMENT_TARGET = 10.10;
				MTL_ENABLE_DEBUG_INFO = YES;
				ONLY_ACTIVE_ARCH = YES;
				SDKROOT = macosx;
			};
			name = Debug;
		};
		D68DA7BD1C4654F1003329A7 /* Release */ = {
			isa = XCBuildConfiguration;
			buildSettings = {
				ALWAYS_SEARCH_USER_PATHS = NO;
				CLANG_CXX_LANGUAGE_STANDARD = "gnu++0x";
				CLANG_CXX_LIBRARY = "libc++";
				CLANG_ENABLE_MODULES = YES;
				CLANG_ENABLE_OBJC_ARC = YES;
				CLANG_WARN_BOOL_CONVERSION = YES;
				CLANG_WARN_CONSTANT_CONVERSION = YES;
				CLANG_WARN_DIRECT_OBJC_ISA_USAGE = YES_ERROR;
				CLANG_WARN_EMPTY_BODY = YES;
				CLANG_WARN_ENUM_CONVERSION = YES;
				CLANG_WARN_INT_CONVERSION = YES;
				CLANG_WARN_OBJC_ROOT_CLASS = YES_ERROR;
				CLANG_WARN_UNREACHABLE_CODE = YES;
				CLANG_WARN__DUPLICATE_METHOD_MATCH = YES;
				CODE_SIGN_IDENTITY = "-";
				COPY_PHASE_STRIP = NO;
				DEBUG_INFORMATION_FORMAT = "dwarf-with-dsym";
				ENABLE_NS_ASSERTIONS = NO;
				ENABLE_STRICT_OBJC_MSGSEND = YES;
				GCC_C_LANGUAGE_STANDARD = gnu99;
				GCC_NO_COMMON_BLOCKS = YES;
				GCC_WARN_64_TO_32_BIT_CONVERSION = YES;
				GCC_WARN_ABOUT_RETURN_TYPE = YES_ERROR;
				GCC_WARN_UNDECLARED_SELECTOR = YES;
				GCC_WARN_UNINITIALIZED_AUTOS = YES_AGGRESSIVE;
				GCC_WARN_UNUSED_FUNCTION = YES;
				GCC_WARN_UNUSED_VARIABLE = YES;
				MACOSX_DEPLOYMENT_TARGET = 10.10;
				MTL_ENABLE_DEBUG_INFO = NO;
				SDKROOT = macosx;
			};
			name = Release;
		};
		D68DA7BF1C4654F1003329A7 /* Debug */ = {
			isa = XCBuildConfiguration;
			baseConfigurationReference = 61F55C3616FE7D699B3C98B6 /* Pods.debug.xcconfig */;
			buildSettings = {
				PRODUCT_NAME = "$(TARGET_NAME)";
			};
			name = Debug;
		};
		D68DA7C01C4654F1003329A7 /* Release */ = {
			isa = XCBuildConfiguration;
			baseConfigurationReference = CE61BE8DF9213BD26B5969E0 /* Pods.release.xcconfig */;
			buildSettings = {
				PRODUCT_NAME = "$(TARGET_NAME)";
			};
			name = Release;
		};
/* End XCBuildConfiguration section */

/* Begin XCConfigurationList section */
		D68DA7B21C4654F1003329A7 /* Build configuration list for PBXProject "DiawiUploadMac" */ = {
			isa = XCConfigurationList;
			buildConfigurations = (
				D68DA7BC1C4654F1003329A7 /* Debug */,
				D68DA7BD1C4654F1003329A7 /* Release */,
			);
			defaultConfigurationIsVisible = 0;
			defaultConfigurationName = Release;
		};
		D68DA7BE1C4654F1003329A7 /* Build configuration list for PBXNativeTarget "DiawiUploadMac" */ = {
			isa = XCConfigurationList;
			buildConfigurations = (
				D68DA7BF1C4654F1003329A7 /* Debug */,
				D68DA7C01C4654F1003329A7 /* Release */,
			);
			defaultConfigurationIsVisible = 0;
			defaultConfigurationName = Release;
		};
/* End XCConfigurationList section */
	};
	rootObject = D68DA7AF1C4654F1003329A7 /* Project object */;
}
